PODS:
  - FirstCodeKit (0.0.1):
    - FirstCodeKit/Dictionary-Extension (= 0.0.1)
    - FirstCodeKit/String-Extension (= 0.0.1)
  - FirstCodeKit/Dictionary-Extension (0.0.1)
  - FirstCodeKit/String-Extension (0.0.1)

DEPENDENCIES:
  - FirstCodeKit (from `../`)

EXTERNAL SOURCES:
  FirstCodeKit:
    :path: ../

SPEC CHECKSUMS:
  FirstCodeKit: 1ab42044d0b61cbec978af7c23765495dc09e43c

PODFILE CHECKSUM: 5d4acb35b2ff80228351afe322763be7ae2653c3

COCOAPODS: 1.4.0.rc.1
